// !$*UTF8*$!
{
	archiveVersion = 1;
	classes = {
	};
	objectVersion = 50;
	objects = {

/* Begin PBXBuildFile section */
		43653C8B25A853E400AD9879 /* AppDelegate.swift in Sources */ = {isa = PBXBuildFile; fileRef = 43653C8A25A853E400AD9879 /* AppDelegate.swift */; };
		43653C8D25A853E400AD9879 /* ContentView.swift in Sources */ = {isa = PBXBuildFile; fileRef = 43653C8C25A853E400AD9879 /* ContentView.swift */; };
		43653C8F25A853E400AD9879 /* Experience.rcproject in Sources */ = {isa = PBXBuildFile; fileRef = 43653C8E25A853E400AD9879 /* Experience.rcproject */; };
		43653C9125A853E800AD9879 /* Assets.xcassets in Resources */ = {isa = PBXBuildFile; fileRef = 43653C9025A853E800AD9879 /* Assets.xcassets */; };
		43653C9425A853E800AD9879 /* Preview Assets.xcassets in Resources */ = {isa = PBXBuildFile; fileRef = 43653C9325A853E800AD9879 /* Preview Assets.xcassets */; };
		43653C9D25A854E400AD9879 /* iphonevideo.mp4 in Resources */ = {isa = PBXBuildFile; fileRef = 43653C9C25A854E400AD9879 /* iphonevideo.mp4 */; };
/* End PBXBuildFile section */

/* Begin PBXFileReference section */
		43653C8725A853E400AD9879 /* ARImageTracking.app */ = {isa = PBXFileReference; explicitFileType = wrapper.application; includeInIndex = 0; path = ARImageTracking.app; sourceTree = BUILT_PRODUCTS_DIR; };
		43653C8A25A853E400AD9879 /* AppDelegate.swift */ = {isa = PBXFileReference; lastKnownFileType = sourcecode.swift; path = AppDelegate.swift; sourceTree = "<group>"; };
		43653C8C25A853E400AD9879 /* ContentView.swift */ = {isa = PBXFileReference; lastKnownFileType = sourcecode.swift; path = ContentView.swift; sourceTree = "<group>"; };
		43653C8E25A853E400AD9879 /* Experience.rcproject */ = {isa = PBXFileReference; lastKnownFileType = file.rcproject; path = Experience.rcproject; sourceTree = "<group>"; };
		43653C9025A853E800AD9879 /* Assets.xcassets */ = {isa = PBXFileReference; lastKnownFileType = folder.assetcatalog; path = Assets.xcassets; sourceTree = "<group>"; };
		43653C9325A853E800AD9879 /* Preview Assets.xcassets */ = {isa = PBXFileReference; lastKnownFileType = folder.assetcatalog; path = "Preview Assets.xcassets"; sourceTree = "<group>"; };
		43653C9525A853E800AD9879 /* Info.plist */ = {isa = PBXFileReference; lastKnownFileType = text.plist.xml; path = Info.plist; sourceTree = "<group>"; };
		43653C9C25A854E400AD9879 /* iphonevideo.mp4 */ = {isa = PBXFileReference; lastKnownFileType = file; path = iphonevideo.mp4; sourceTree = "<group>"; };
/* End PBXFileReference section */

/* Begin PBXFrameworksBuildPhase section */
		43653C8425A853E400AD9879 /* Frameworks */ = {
			isa = PBXFrameworksBuildPhase;
			buildActionMask = 2147483647;
			files = (
			);
			runOnlyForDeploymentPostprocessing = 0;
		};
/* End PBXFrameworksBuildPhase section */

/* Begin PBXGroup section */
		43653C7E25A853E400AD9879 = {
			isa = PBXGroup;
			children = (
				43653C8925A853E400AD9879 /* ARImageTracking */,
				43653C8825A853E400AD9879 /* Products */,
			);
			sourceTree = "<group>";
		};
		43653C8825A853E400AD9879 /* Products */ = {
			isa = PBXGroup;
			children = (
				43653C8725A853E400AD9879 /* ARImageTracking.app */,
			);
			name = Products;
			sourceTree = "<group>";
		};
		43653C8925A853E400AD9879 /* ARImageTracking */ = {
			isa = PBXGroup;
			children = (
				43653C8A25A853E400AD9879 /* AppDelegate.swift */,
				43653C8C25A853E400AD9879 /* ContentView.swift */,
				43653C9C25A854E400AD9879 /* iphonevideo.mp4 */,
				43653C8E25A853E400AD9879 /* Experience.rcproject */,
				43653C9025A853E800AD9879 /* Assets.xcassets */,
				43653C9525A853E800AD9879 /* Info.plist */,
				43653C9225A853E800AD9879 /* Preview Content */,
			);
			path = ARImageTracking;
			sourceTree = "<group>";
		};
		43653C9225A853E800AD9879 /* Preview Content */ = {
			isa = PBXGroup;
			children = (
				43653C9325A853E800AD9879 /* Preview Assets.xcassets */,
			);
			path = "Preview Content";
			sourceTree = "<group>";
		};
/* End PBXGroup section */

/* Begin PBXNativeTarget section */
		43653C8625A853E400AD9879 /* ARImageTracking */ = {
			isa = PBXNativeTarget;
			buildConfigurationList = 43653C9825A853E800AD9879 /* Build configuration list for PBXNativeTarget "ARImageTracking" */;
			buildPhases = (
				43653C8325A853E400AD9879 /* Sources */,
				43653C8425A853E400AD9879 /* Frameworks */,
				43653C8525A853E400AD9879 /* Resources */,
			);
			buildRules = (
			);
			dependencies = (
			);
			name = ARImageTracking;
			productName = ARImageTracking;
			productReference = 43653C8725A853E400AD9879 /* ARImageTracking.app */;
			productType = "com.apple.product-type.application";
		};
/* End PBXNativeTarget section */

/* Begin PBXProject section */
		43653C7F25A853E400AD9879 /* Project object */ = {
			isa = PBXProject;
			attributes = {
				LastSwiftUpdateCheck = 1230;
				LastUpgradeCheck = 1230;
				TargetAttributes = {
					43653C8625A853E400AD9879 = {
						CreatedOnToolsVersion = 12.3;
					};
				};
			};
			buildConfigurationList = 43653C8225A853E400AD9879 /* Build configuration list for PBXProject "ARImageTracking" */;
			compatibilityVersion = "Xcode 9.3";
			developmentRegion = en;
			hasScannedForEncodings = 0;
			knownRegions = (
				en,
				Base,
			);
			mainGroup = 43653C7E25A853E400AD9879;
			productRefGroup = 43653C8825A853E400AD9879 /* Products */;
			projectDirPath = "";
			projectRoot = "";
			targets = (
				43653C8625A853E400AD9879 /* ARImageTracking */,
			);
		};
/* End PBXProject section */

/* Begin PBXResourcesBuildPhase section */
		43653C8525A853E400AD9879 /* Resources */ = {
			isa = PBXResourcesBuildPhase;
			buildActionMask = 2147483647;
			files = (
				43653C9425A853E800AD9879 /* Preview Assets.xcassets in Resources */,
				43653C9125A853E800AD9879 /* Assets.xcassets in Resources */,
				43653C9D25A854E400AD9879 /* iphonevideo.mp4 in Resources */,
			);
			runOnlyForDeploymentPostprocessing = 0;
		};
/* End PBXResourcesBuildPhase section */

/* Begin PBXSourcesBuildPhase section */
		43653C8325A853E400AD9879 /* Sources */ = {
			isa = PBXSourcesBuildPhase;
			buildActionMask = 2147483647;
			files = (
				43653C8D25A853E400AD9879 /* ContentView.swift in Sources */,
				43653C8B25A853E400AD9879 /* AppDelegate.swift in Sources */,
				43653C8F25A853E400AD9879 /* Experience.rcproject in Sources */,
			);
			runOnlyForDeploymentPostprocessing = 0;
		};
/* End PBXSourcesBuildPhase section */

/* Begin XCBuildConfiguration section */
		43653C9625A853E800AD9879 /* Debug */ = {
			isa = XCBuildConfiguration;
			buildSettings = {
				ALWAYS_SEARCH_USER_PATHS = NO;
				CLANG_ANALYZER_NONNULL = YES;
				CLANG_ANALYZER_NUMBER_OBJECT_CONVERSION = YES_AGGRESSIVE;
				CLANG_CXX_LANGUAGE_STANDARD = "gnu++14";
				CLANG_CXX_LIBRARY = "libc++";
				CLANG_ENABLE_MODULES = YES;
				CLANG_ENABLE_OBJC_ARC = YES;
				CLANG_ENABLE_OBJC_WEAK = YES;
				CLANG_WARN_BLOCK_CAPTURE_AUTORELEASING = YES;
				CLANG_WARN_BOOL_CONVERSION = YES;
				CLANG_WARN_COMMA = YES;
				CLANG_WARN_CONSTANT_CONVERSION = YES;
				CLANG_WARN_DEPRECATED_OBJC_IMPLEMENTATIONS = YES;
				CLANG_WARN_DIRECT_OBJC_ISA_USAGE = YES_ERROR;
				CLANG_WARN_DOCUMENTATION_COMMENTS = YES;
				CLANG_WARN_EMPTY_BODY = YES;
				CLANG_WARN_ENUM_CONVERSION = YES;
				CLANG_WARN_INFINITE_RECURSION = YES;
				CLANG_WARN_INT_CONVERSION = YES;
				CLANG_WARN_NON_LITERAL_NULL_CONVERSION = YES;
				CLANG_WARN_OBJC_IMPLICIT_RETAIN_SELF = YES;
				CLANG_WARN_OBJC_LITERAL_CONVERSION = YES;
				CLANG_WARN_OBJC_ROOT_CLASS = YES_ERROR;
				CLANG_WARN_QUOTED_INCLUDE_IN_FRAMEWORK_HEADER = YES;
				CLANG_WARN_RANGE_LOOP_ANALYSIS = YES;
				CLANG_WARN_STRICT_PROTOTYPES = YES;
				CLANG_WARN_SUSPICIOUS_MOVE = YES;
				CLANG_WARN_UNGUARDED_AVAILABILITY = YES_AGGRESSIVE;
				CLANG_WARN_UNREACHABLE_CODE = YES;
				CLANG_WARN__DUPLICATE_METHOD_MATCH = YES;
				COPY_PHASE_STRIP = NO;
				DEBUG_INFORMATION_FORMAT = dwarf;
				ENABLE_STRICT_OBJC_MSGSEND = YES;
				ENABLE_TESTABILITY = YES;
				GCC_C_LANGUAGE_STANDARD = gnu11;
				GCC_DYNAMIC_NO_PIC = NO;
				GCC_NO_COMMON_BLOCKS = YES;
				GCC_OPTIMIZATION_LEVEL = 0;
				GCC_PREPROCESSOR_DEFINITIONS = (
					"DEBUG=1",
					"$(inherited)",
				);
				GCC_WARN_64_TO_32_BIT_CONVERSION = YES;
				GCC_WARN_ABOUT_RETURN_TYPE = YES_ERROR;
				GCC_WARN_UNDECLARED_SELECTOR = YES;
				GCC_WARN_UNINITIALIZED_AUTOS = YES_AGGRESSIVE;
				GCC_WARN_UNUSED_FUNCTION = YES;
				GCC_WARN_UNUSED_VARIABLE = YES;
				IPHONEOS_DEPLOYMENT_TARGET = 14.3;
				MTL_ENABLE_DEBUG_INFO = INCLUDE_SOURCE;
				MTL_FAST_MATH = YES;
				ONLY_ACTIVE_ARCH = YES;
				SDKROOT = iphoneos;
				SWIFT_ACTIVE_COMPILATION_CONDITIONS = DEBUG;
				SWIFT_OPTIMIZATION_LEVEL = "-Onone";
			};
			name = Debug;
		};
		43653C9725A853E800AD9879 /* Release */ = {
			isa = XCBuildConfiguration;
			buildSettings = {
				ALWAYS_SEARCH_USER_PATHS = NO;
				CLANG_ANALYZER_NONNULL = YES;
				CLANG_ANALYZER_NUMBER_OBJECT_CONVERSION = YES_AGGRESSIVE;
				CLANG_CXX_LANGUAGE_STANDARD = "gnu++14";
				CLANG_CXX_LIBRARY = "libc++";
				CLANG_ENABLE_MODULES = YES;
				CLANG_ENABLE_OBJC_ARC = YES;
				CLANG_ENABLE_OBJC_WEAK = YES;
				CLANG_WARN_BLOCK_CAPTURE_AUTORELEASING = YES;
				CLANG_WARN_BOOL_CONVERSION = YES;
				CLANG_WARN_COMMA = YES;
				CLANG_WARN_CONSTANT_CONVERSION = YES;
				CLANG_WARN_DEPRECATED_OBJC_IMPLEMENTATIONS = YES;
				CLANG_WARN_DIRECT_OBJC_ISA_USAGE = YES_ERROR;
				CLANG_WARN_DOCUMENTATION_COMMENTS = YES;
				CLANG_WARN_EMPTY_BODY = YES;
				CLANG_WARN_ENUM_CONVERSION = YES;
				CLANG_WARN_INFINITE_RECURSION = YES;
				CLANG_WARN_INT_CONVERSION = YES;
				CLANG_WARN_NON_LITERAL_NULL_CONVERSION = YES;
				CLANG_WARN_OBJC_IMPLICIT_RETAIN_SELF = YES;
				CLANG_WARN_OBJC_LITERAL_CONVERSION = YES;
				CLANG_WARN_OBJC_ROOT_CLASS = YES_ERROR;
				CLANG_WARN_QUOTED_INCLUDE_IN_FRAMEWORK_HEADER = YES;
				CLANG_WARN_RANGE_LOOP_ANALYSIS = YES;
				CLANG_WARN_STRICT_PROTOTYPES = YES;
				CLANG_WARN_SUSPICIOUS_MOVE = YES;
				CLANG_WARN_UNGUARDED_AVAILABILITY = YES_AGGRESSIVE;
				CLANG_WARN_UNREACHABLE_CODE = YES;
				CLANG_WARN__DUPLICATE_METHOD_MATCH = YES;
				COPY_PHASE_STRIP = NO;
				DEBUG_INFORMATION_FORMAT = "dwarf-with-dsym";
				ENABLE_NS_ASSERTIONS = NO;
				ENABLE_STRICT_OBJC_MSGSEND = YES;
				GCC_C_LANGUAGE_STANDARD = gnu11;
				GCC_NO_COMMON_BLOCKS = YES;
				GCC_WARN_64_TO_32_BIT_CONVERSION = YES;
				GCC_WARN_ABOUT_RETURN_TYPE = YES_ERROR;
				GCC_WARN_UNDECLARED_SELECTOR = YES;
				GCC_WARN_UNINITIALIZED_AUTOS = YES_AGGRESSIVE;
				GCC_WARN_UNUSED_FUNCTION = YES;
				GCC_WARN_UNUSED_VARIABLE = YES;
				IPHONEOS_DEPLOYMENT_TARGET = 14.3;
				MTL_ENABLE_DEBUG_INFO = NO;
				MTL_FAST_MATH = YES;
				SDKROOT = iphoneos;
				SWIFT_COMPILATION_MODE = wholemodule;
				SWIFT_OPTIMIZATION_LEVEL = "-O";
				VALIDATE_PRODUCT = YES;
			};
			name = Release;
		};
		43653C9925A853E800AD9879 /* Debug */ = {
			isa = XCBuildConfiguration;
			buildSettings = {
				ASSETCATALOG_COMPILER_APPICON_NAME = AppIcon;
				ASSETCATALOG_COMPILER_GLOBAL_ACCENT_COLOR_NAME = AccentColor;
				CODE_SIGN_STYLE = Automatic;
				DEVELOPMENT_ASSET_PATHS = "\"ARImageTracking/Preview Content\"";
				DEVELOPMENT_TEAM = G6E5589J7L;
				ENABLE_PREVIEWS = YES;
				INFOPLIST_FILE = ARImageTracking/Info.plist;
				LD_RUNPATH_SEARCH_PATHS = (
					"$(inherited)",
					"@executable_path/Frameworks",
				);
				PRODUCT_BUNDLE_IDENTIFIER = com.project.ARImageTracking;
				PRODUCT_NAME = "$(TARGET_NAME)";
				SWIFT_VERSION = 5.0;
				TARGETED_DEVICE_FAMILY = "1,2";
			};
			name = Debug;
		};
		43653C9A25A853E800AD9879 /* Release */ = {
			isa = XCBuildConfiguration;
			buildSettings = {
				ASSETCATALOG_COMPILER_APPICON_NAME = AppIcon;
				ASSETCATALOG_COMPILER_GLOBAL_ACCENT_COLOR_NAME = AccentColor;
				CODE_SIGN_STYLE = Automatic;
				DEVELOPMENT_ASSET_PATHS = "\"ARImageTracking/Preview Content\"";
				DEVELOPMENT_TEAM = G6E5589J7L;
				ENABLE_PREVIEWS = YES;
				INFOPLIST_FILE = ARImageTracking/Info.plist;
				LD_RUNPATH_SEARCH_PATHS = (
					"$(inherited)",
					"@executable_path/Frameworks",
				);
				PRODUCT_BUNDLE_IDENTIFIER = com.project.ARImageTracking;
				PRODUCT_NAME = "$(TARGET_NAME)";
				SWIFT_VERSION = 5.0;
				TARGETED_DEVICE_FAMILY = "1,2";
			};
			name = Release;
		};
/* End XCBuildConfiguration section */

/* Begin XCConfigurationList section */
		43653C8225A853E400AD9879 /* Build configuration list for PBXProject "ARImageTracking" */ = {
			isa = XCConfigurationList;
			buildConfigurations = (
				43653C9625A853E800AD9879 /* Debug */,
				43653C9725A853E800AD9879 /* Release */,
			);
			defaultConfigurationIsVisible = 0;
			defaultConfigurationName = Release;
		};
		43653C9825A853E800AD9879 /* Build configuration list for PBXNativeTarget "ARImageTracking" */ = {
			isa = XCConfigurationList;
			buildConfigurations = (
				43653C9925A853E800AD9879 /* Debug */,
				43653C9A25A853E800AD9879 /* Release */,
			);
			defaultConfigurationIsVisible = 0;
			defaultConfigurationName = Release;
		};
/* End XCConfigurationList section */
	};
	rootObject = 43653C7F25A853E400AD9879 /* Project object */;
}
